
Microsoft Visual Studio Solution File, Format Version 12.00
# Visual Studio 15
VisualStudioVersion = 15.0.27703.2047
MinimumVisualStudioVersion = 10.0.40219.1
Project("{8BC9CEB8-8B4A-11D0-8D11-00A0C91BC942}") = "OODProject3.DllLoader", "OODProject3.DllLoader\OODProject3.DllLoader.vcxproj", "{BBC1E0DB-5B3D-48C4-B8A2-08A398EC5DB3}"
EndProject
Project("{8BC9CEB8-8B4A-11D0-8D11-00A0C91BC942}") = "OODProject3.FileSystem", "OODProject3.FileSystem\OODProject3.FileSystem.vcxproj", "{5E92F3A1-8084-498E-B521-7ABE95D60DDE}"
EndProject
Project("{8BC9CEB8-8B4A-11D0-8D11-00A0C91BC942}") = "OODProject3.SingletonLogger", "OODProject3.SingletonLogger\OODProject3.SingletonLogger.vcxproj", "{4A44FAA5-FD33-488E-A608-CC8F92A6554F}"
EndProject
Project("{8BC9CEB8-8B4A-11D0-8D11-00A0C91BC942}") = "OODProject3.TestDriver1", "OODProject3.TestDriver1\OODProject3.TestDriver1.vcxproj", "{C1D928B8-89DD-4A57-A1D2-FE03BDEC7CA0}"
EndProject
Project("{8BC9CEB8-8B4A-11D0-8D11-00A0C91BC942}") = "OODProject3.TestDriver2", "OODProject3.TestDriver2\OODProject3.TestDriver2.vcxproj", "{F7402EB6-D024-4A09-BAC0-8D8ECFAA6F81}"
EndProject
Project("{8BC9CEB8-8B4A-11D0-8D11-00A0C91BC942}") = "OODProject3.TestRequest", "OODProject3.TestRequest\OODProject3.TestRequest.vcxproj", "{19ED46C0-45D2-4968-B286-851D01928B61}"
EndProject
Project("{8BC9CEB8-8B4A-11D0-8D11-00A0C91BC942}") = "OODProject3.DateTime", "OODProject3.DateTime\OODProject3.DateTime.vcxproj", "{7FFA33A2-3C26-472B-B1B4-6CB692B8EC85}"
EndProject
Project("{8BC9CEB8-8B4A-11D0-8D11-00A0C91BC942}") = "OODProject3.Client", "OODProject3.Client\OODProject3.Client.vcxproj", "{DB3D051A-EAC7-4876-BE48-A4EEC3574CF3}"
EndProject
Project("{8BC9CEB8-8B4A-11D0-8D11-00A0C91BC942}") = "OODProject3.TestHarnessCore", "OODProject3.TestHarnessCore\OODProject3.TestHarnessCore.vcxproj", "{A9D01B14-8AFE-4C1C-9380-02B7A361BB1A}"
EndProject
Project("{8BC9CEB8-8B4A-11D0-8D11-00A0C91BC942}") = "Message", "CppCommWithFileXfer\Message\Message.vcxproj", "{4133D528-AB6D-4CCD-AF37-67536F36154C}"
EndProject
Project("{8BC9CEB8-8B4A-11D0-8D11-00A0C91BC942}") = "MsgPassingComm", "CppCommWithFileXfer\MsgPassingComm\MsgPassingComm.vcxproj", "{6E58E051-CC07-4D7F-92A4-06A117A79CA7}"
EndProject
Project("{8BC9CEB8-8B4A-11D0-8D11-00A0C91BC942}") = "Sockets", "CppCommWithFileXfer\Sockets\Sockets.vcxproj", "{CA3129B8-1BF4-44C9-B116-53EC72D0BCCB}"
EndProject
Project("{8BC9CEB8-8B4A-11D0-8D11-00A0C91BC942}") = "StringUtilities", "CppCommWithFileXfer\Utilities\StringUtilities\StringUtilities.vcxproj", "{462B43B2-8B13-4178-BF2A-903F76F1985C}"
EndProject
Project("{8BC9CEB8-8B4A-11D0-8D11-00A0C91BC942}") = "OODProject3.ProcessPool", "OODProject3.ProcessPool\OODProject3.ProcessPool.vcxproj", "{68A18CAB-E686-4F3F-A934-E4EFBF423409}"
EndProject
Project("{8BC9CEB8-8B4A-11D0-8D11-00A0C91BC942}") = "Process", "Process\Process.vcxproj", "{5E2548A1-C280-49E1-A2B6-55F4BA12B3F2}"
EndProject
Project("{8BC9CEB8-8B4A-11D0-8D11-00A0C91BC942}") = "OODProject3.Requirements", "OODProject3.Requirements\OODProject3.Requirements.vcxproj", "{7CB892E5-A924-4948-AAE6-F4D522C8F36C}"
EndProject
Project("{FAE04EC0-301F-11D3-BF4B-00C04F79EFBC}") = "OODProject4.Client", "OODProject4.Client\OODProject4.Client.csproj", "{4F9467D7-EA56-467C-9250-0DEC4032F0A4}"
EndProject
Project("{8BC9CEB8-8B4A-11D0-8D11-00A0C91BC942}") = "Translater", "Translater\Translater.vcxproj", "{6105617E-3D4C-4914-BA33-E3D053496BA3}"
EndProject
Project("{8BC9CEB8-8B4A-11D0-8D11-00A0C91BC942}") = "CommLibWrapper", "CommLibWrapper\CommLibWrapper.vcxproj", "{B1DB1846-C0FC-48EF-80E4-DC556E9240FA}"
EndProject
Project("{8BC9CEB8-8B4A-11D0-8D11-00A0C91BC942}") = "CodeUtilities", "Utilities\CodeUtilities\CodeUtilities.vcxproj", "{D6E40902-7A6C-4AF9-B69A-68E7B80B722C}"
EndProject
Global
	GlobalSection(SolutionConfigurationPlatforms) = preSolution
		Debug|Any CPU = Debug|Any CPU
		Debug|x64 = Debug|x64
		Debug|x86 = Debug|x86
		Release|Any CPU = Release|Any CPU
		Release|x64 = Release|x64
		Release|x86 = Release|x86
	EndGlobalSection
	GlobalSection(ProjectConfigurationPlatforms) = postSolution
		{BBC1E0DB-5B3D-48C4-B8A2-08A398EC5DB3}.Debug|Any CPU.ActiveCfg = Debug|Win32
		{BBC1E0DB-5B3D-48C4-B8A2-08A398EC5DB3}.Debug|x64.ActiveCfg = Debug|x64
		{BBC1E0DB-5B3D-48C4-B8A2-08A398EC5DB3}.Debug|x64.Build.0 = Debug|x64
		{BBC1E0DB-5B3D-48C4-B8A2-08A398EC5DB3}.Debug|x86.ActiveCfg = Debug|Win32
		{BBC1E0DB-5B3D-48C4-B8A2-08A398EC5DB3}.Debug|x86.Build.0 = Debug|Win32
		{BBC1E0DB-5B3D-48C4-B8A2-08A398EC5DB3}.Release|Any CPU.ActiveCfg = Release|Win32
		{BBC1E0DB-5B3D-48C4-B8A2-08A398EC5DB3}.Release|x64.ActiveCfg = Release|x64
		{BBC1E0DB-5B3D-48C4-B8A2-08A398EC5DB3}.Release|x64.Build.0 = Release|x64
		{BBC1E0DB-5B3D-48C4-B8A2-08A398EC5DB3}.Release|x86.ActiveCfg = Release|Win32
		{BBC1E0DB-5B3D-48C4-B8A2-08A398EC5DB3}.Release|x86.Build.0 = Release|Win32
		{5E92F3A1-8084-498E-B521-7ABE95D60DDE}.Debug|Any CPU.ActiveCfg = Debug|Win32
		{5E92F3A1-8084-498E-B521-7ABE95D60DDE}.Debug|x64.ActiveCfg = Debug|x64
		{5E92F3A1-8084-498E-B521-7ABE95D60DDE}.Debug|x64.Build.0 = Debug|x64
		{5E92F3A1-8084-498E-B521-7ABE95D60DDE}.Debug|x86.ActiveCfg = Debug|Win32
		{5E92F3A1-8084-498E-B521-7ABE95D60DDE}.Debug|x86.Build.0 = Debug|Win32
		{5E92F3A1-8084-498E-B521-7ABE95D60DDE}.Release|Any CPU.ActiveCfg = Release|Win32
		{5E92F3A1-8084-498E-B521-7ABE95D60DDE}.Release|x64.ActiveCfg = Release|x64
		{5E92F3A1-8084-498E-B521-7ABE95D60DDE}.Release|x64.Build.0 = Release|x64
		{5E92F3A1-8084-498E-B521-7ABE95D60DDE}.Release|x86.ActiveCfg = Release|Win32
		{5E92F3A1-8084-498E-B521-7ABE95D60DDE}.Release|x86.Build.0 = Release|Win32
		{4A44FAA5-FD33-488E-A608-CC8F92A6554F}.Debug|Any CPU.ActiveCfg = Debug|Win32
		{4A44FAA5-FD33-488E-A608-CC8F92A6554F}.Debug|x64.ActiveCfg = Debug|x64
		{4A44FAA5-FD33-488E-A608-CC8F92A6554F}.Debug|x64.Build.0 = Debug|x64
		{4A44FAA5-FD33-488E-A608-CC8F92A6554F}.Debug|x86.ActiveCfg = Debug|Win32
		{4A44FAA5-FD33-488E-A608-CC8F92A6554F}.Debug|x86.Build.0 = Debug|Win32
		{4A44FAA5-FD33-488E-A608-CC8F92A6554F}.Release|Any CPU.ActiveCfg = Release|Win32
		{4A44FAA5-FD33-488E-A608-CC8F92A6554F}.Release|x64.ActiveCfg = Release|x64
		{4A44FAA5-FD33-488E-A608-CC8F92A6554F}.Release|x64.Build.0 = Release|x64
		{4A44FAA5-FD33-488E-A608-CC8F92A6554F}.Release|x86.ActiveCfg = Release|Win32
		{4A44FAA5-FD33-488E-A608-CC8F92A6554F}.Release|x86.Build.0 = Release|Win32
		{C1D928B8-89DD-4A57-A1D2-FE03BDEC7CA0}.Debug|Any CPU.ActiveCfg = Debug|Win32
		{C1D928B8-89DD-4A57-A1D2-FE03BDEC7CA0}.Debug|x64.ActiveCfg = Debug|x64
		{C1D928B8-89DD-4A57-A1D2-FE03BDEC7CA0}.Debug|x64.Build.0 = Debug|x64
		{C1D928B8-89DD-4A57-A1D2-FE03BDEC7CA0}.Debug|x86.ActiveCfg = Debug|Win32
		{C1D928B8-89DD-4A57-A1D2-FE03BDEC7CA0}.Debug|x86.Build.0 = Debug|Win32
		{C1D928B8-89DD-4A57-A1D2-FE03BDEC7CA0}.Release|Any CPU.ActiveCfg = Release|Win32
		{C1D928B8-89DD-4A57-A1D2-FE03BDEC7CA0}.Release|x64.ActiveCfg = Release|x64
		{C1D928B8-89DD-4A57-A1D2-FE03BDEC7CA0}.Release|x64.Build.0 = Release|x64
		{C1D928B8-89DD-4A57-A1D2-FE03BDEC7CA0}.Release|x86.ActiveCfg = Release|Win32
		{C1D928B8-89DD-4A57-A1D2-FE03BDEC7CA0}.Release|x86.Build.0 = Release|Win32
		{F7402EB6-D024-4A09-BAC0-8D8ECFAA6F81}.Debug|Any CPU.ActiveCfg = Debug|Win32
		{F7402EB6-D024-4A09-BAC0-8D8ECFAA6F81}.Debug|x64.ActiveCfg = Debug|x64
		{F7402EB6-D024-4A09-BAC0-8D8ECFAA6F81}.Debug|x64.Build.0 = Debug|x64
		{F7402EB6-D024-4A09-BAC0-8D8ECFAA6F81}.Debug|x86.ActiveCfg = Debug|Win32
		{F7402EB6-D024-4A09-BAC0-8D8ECFAA6F81}.Debug|x86.Build.0 = Debug|Win32
		{F7402EB6-D024-4A09-BAC0-8D8ECFAA6F81}.Release|Any CPU.ActiveCfg = Release|Win32
		{F7402EB6-D024-4A09-BAC0-8D8ECFAA6F81}.Release|x64.ActiveCfg = Release|x64
		{F7402EB6-D024-4A09-BAC0-8D8ECFAA6F81}.Release|x64.Build.0 = Release|x64
		{F7402EB6-D024-4A09-BAC0-8D8ECFAA6F81}.Release|x86.ActiveCfg = Release|Win32
		{F7402EB6-D024-4A09-BAC0-8D8ECFAA6F81}.Release|x86.Build.0 = Release|Win32
		{19ED46C0-45D2-4968-B286-851D01928B61}.Debug|Any CPU.ActiveCfg = Debug|Win32
		{19ED46C0-45D2-4968-B286-851D01928B61}.Debug|x64.ActiveCfg = Debug|x64
		{19ED46C0-45D2-4968-B286-851D01928B61}.Debug|x64.Build.0 = Debug|x64
		{19ED46C0-45D2-4968-B286-851D01928B61}.Debug|x86.ActiveCfg = Debug|Win32
		{19ED46C0-45D2-4968-B286-851D01928B61}.Debug|x86.Build.0 = Debug|Win32
		{19ED46C0-45D2-4968-B286-851D01928B61}.Release|Any CPU.ActiveCfg = Release|Win32
		{19ED46C0-45D2-4968-B286-851D01928B61}.Release|x64.ActiveCfg = Release|x64
		{19ED46C0-45D2-4968-B286-851D01928B61}.Release|x64.Build.0 = Release|x64
		{19ED46C0-45D2-4968-B286-851D01928B61}.Release|x86.ActiveCfg = Release|Win32
		{19ED46C0-45D2-4968-B286-851D01928B61}.Release|x86.Build.0 = Release|Win32
		{7FFA33A2-3C26-472B-B1B4-6CB692B8EC85}.Debug|Any CPU.ActiveCfg = Debug|Win32
		{7FFA33A2-3C26-472B-B1B4-6CB692B8EC85}.Debug|x64.ActiveCfg = Debug|x64
		{7FFA33A2-3C26-472B-B1B4-6CB692B8EC85}.Debug|x64.Build.0 = Debug|x64
		{7FFA33A2-3C26-472B-B1B4-6CB692B8EC85}.Debug|x86.ActiveCfg = Debug|Win32
		{7FFA33A2-3C26-472B-B1B4-6CB692B8EC85}.Debug|x86.Build.0 = Debug|Win32
		{7FFA33A2-3C26-472B-B1B4-6CB692B8EC85}.Release|Any CPU.ActiveCfg = Release|Win32
		{7FFA33A2-3C26-472B-B1B4-6CB692B8EC85}.Release|x64.ActiveCfg = Release|x64
		{7FFA33A2-3C26-472B-B1B4-6CB692B8EC85}.Release|x64.Build.0 = Release|x64
		{7FFA33A2-3C26-472B-B1B4-6CB692B8EC85}.Release|x86.ActiveCfg = Release|Win32
		{7FFA33A2-3C26-472B-B1B4-6CB692B8EC85}.Release|x86.Build.0 = Release|Win32
		{DB3D051A-EAC7-4876-BE48-A4EEC3574CF3}.Debug|Any CPU.ActiveCfg = Debug|Win32
		{DB3D051A-EAC7-4876-BE48-A4EEC3574CF3}.Debug|x64.ActiveCfg = Debug|x64
		{DB3D051A-EAC7-4876-BE48-A4EEC3574CF3}.Debug|x64.Build.0 = Debug|x64
		{DB3D051A-EAC7-4876-BE48-A4EEC3574CF3}.Debug|x86.ActiveCfg = Debug|Win32
		{DB3D051A-EAC7-4876-BE48-A4EEC3574CF3}.Debug|x86.Build.0 = Debug|Win32
		{DB3D051A-EAC7-4876-BE48-A4EEC3574CF3}.Release|Any CPU.ActiveCfg = Release|Win32
		{DB3D051A-EAC7-4876-BE48-A4EEC3574CF3}.Release|x64.ActiveCfg = Release|x64
		{DB3D051A-EAC7-4876-BE48-A4EEC3574CF3}.Release|x64.Build.0 = Release|x64
		{DB3D051A-EAC7-4876-BE48-A4EEC3574CF3}.Release|x86.ActiveCfg = Release|Win32
		{DB3D051A-EAC7-4876-BE48-A4EEC3574CF3}.Release|x86.Build.0 = Release|Win32
		{A9D01B14-8AFE-4C1C-9380-02B7A361BB1A}.Debug|Any CPU.ActiveCfg = Debug|Win32
		{A9D01B14-8AFE-4C1C-9380-02B7A361BB1A}.Debug|x64.ActiveCfg = Debug|x64
		{A9D01B14-8AFE-4C1C-9380-02B7A361BB1A}.Debug|x64.Build.0 = Debug|x64
		{A9D01B14-8AFE-4C1C-9380-02B7A361BB1A}.Debug|x86.ActiveCfg = Debug|Win32
		{A9D01B14-8AFE-4C1C-9380-02B7A361BB1A}.Debug|x86.Build.0 = Debug|Win32
		{A9D01B14-8AFE-4C1C-9380-02B7A361BB1A}.Release|Any CPU.ActiveCfg = Release|Win32
		{A9D01B14-8AFE-4C1C-9380-02B7A361BB1A}.Release|x64.ActiveCfg = Release|x64
		{A9D01B14-8AFE-4C1C-9380-02B7A361BB1A}.Release|x64.Build.0 = Release|x64
		{A9D01B14-8AFE-4C1C-9380-02B7A361BB1A}.Release|x86.ActiveCfg = Release|Win32
		{A9D01B14-8AFE-4C1C-9380-02B7A361BB1A}.Release|x86.Build.0 = Release|Win32
		{4133D528-AB6D-4CCD-AF37-67536F36154C}.Debug|Any CPU.ActiveCfg = Debug|Win32
		{4133D528-AB6D-4CCD-AF37-67536F36154C}.Debug|x64.ActiveCfg = Debug|x64
		{4133D528-AB6D-4CCD-AF37-67536F36154C}.Debug|x64.Build.0 = Debug|x64
		{4133D528-AB6D-4CCD-AF37-67536F36154C}.Debug|x86.ActiveCfg = Debug|Win32
		{4133D528-AB6D-4CCD-AF37-67536F36154C}.Debug|x86.Build.0 = Debug|Win32
		{4133D528-AB6D-4CCD-AF37-67536F36154C}.Release|Any CPU.ActiveCfg = Release|Win32
		{4133D528-AB6D-4CCD-AF37-67536F36154C}.Release|x64.ActiveCfg = Release|x64
		{4133D528-AB6D-4CCD-AF37-67536F36154C}.Release|x64.Build.0 = Release|x64
		{4133D528-AB6D-4CCD-AF37-67536F36154C}.Release|x86.ActiveCfg = Release|Win32
		{4133D528-AB6D-4CCD-AF37-67536F36154C}.Release|x86.Build.0 = Release|Win32
		{6E58E051-CC07-4D7F-92A4-06A117A79CA7}.Debug|Any CPU.ActiveCfg = Debug|Win32
		{6E58E051-CC07-4D7F-92A4-06A117A79CA7}.Debug|x64.ActiveCfg = Debug|x64
		{6E58E051-CC07-4D7F-92A4-06A117A79CA7}.Debug|x64.Build.0 = Debug|x64
		{6E58E051-CC07-4D7F-92A4-06A117A79CA7}.Debug|x86.ActiveCfg = Debug|Win32
		{6E58E051-CC07-4D7F-92A4-06A117A79CA7}.Debug|x86.Build.0 = Debug|Win32
		{6E58E051-CC07-4D7F-92A4-06A117A79CA7}.Release|Any CPU.ActiveCfg = Release|Win32
		{6E58E051-CC07-4D7F-92A4-06A117A79CA7}.Release|x64.ActiveCfg = Release|x64
		{6E58E051-CC07-4D7F-92A4-06A117A79CA7}.Release|x64.Build.0 = Release|x64
		{6E58E051-CC07-4D7F-92A4-06A117A79CA7}.Release|x86.ActiveCfg = Release|Win32
		{6E58E051-CC07-4D7F-92A4-06A117A79CA7}.Release|x86.Build.0 = Release|Win32
		{CA3129B8-1BF4-44C9-B116-53EC72D0BCCB}.Debug|Any CPU.ActiveCfg = Debug|Win32
		{CA3129B8-1BF4-44C9-B116-53EC72D0BCCB}.Debug|x64.ActiveCfg = Debug|Win32
		{CA3129B8-1BF4-44C9-B116-53EC72D0BCCB}.Debug|x86.ActiveCfg = Debug|Win32
		{CA3129B8-1BF4-44C9-B116-53EC72D0BCCB}.Debug|x86.Build.0 = Debug|Win32
		{CA3129B8-1BF4-44C9-B116-53EC72D0BCCB}.Release|Any CPU.ActiveCfg = Release|Win32
		{CA3129B8-1BF4-44C9-B116-53EC72D0BCCB}.Release|x64.ActiveCfg = Release|Win32
		{CA3129B8-1BF4-44C9-B116-53EC72D0BCCB}.Release|x86.ActiveCfg = Release|Win32
		{CA3129B8-1BF4-44C9-B116-53EC72D0BCCB}.Release|x86.Build.0 = Release|Win32
		{462B43B2-8B13-4178-BF2A-903F76F1985C}.Debug|Any CPU.ActiveCfg = Debug|Win32
		{462B43B2-8B13-4178-BF2A-903F76F1985C}.Debug|x64.ActiveCfg = Debug|x64
		{462B43B2-8B13-4178-BF2A-903F76F1985C}.Debug|x64.Build.0 = Debug|x64
		{462B43B2-8B13-4178-BF2A-903F76F1985C}.Debug|x86.ActiveCfg = Debug|Win32
		{462B43B2-8B13-4178-BF2A-903F76F1985C}.Debug|x86.Build.0 = Debug|Win32
		{462B43B2-8B13-4178-BF2A-903F76F1985C}.Release|Any CPU.ActiveCfg = Release|Win32
		{462B43B2-8B13-4178-BF2A-903F76F1985C}.Release|x64.ActiveCfg = Release|x64
		{462B43B2-8B13-4178-BF2A-903F76F1985C}.Release|x64.Build.0 = Release|x64
		{462B43B2-8B13-4178-BF2A-903F76F1985C}.Release|x86.ActiveCfg = Release|Win32
		{462B43B2-8B13-4178-BF2A-903F76F1985C}.Release|x86.Build.0 = Release|Win32
		{68A18CAB-E686-4F3F-A934-E4EFBF423409}.Debug|Any CPU.ActiveCfg = Debug|Win32
		{68A18CAB-E686-4F3F-A934-E4EFBF423409}.Debug|x64.ActiveCfg = Debug|x64
		{68A18CAB-E686-4F3F-A934-E4EFBF423409}.Debug|x64.Build.0 = Debug|x64
		{68A18CAB-E686-4F3F-A934-E4EFBF423409}.Debug|x86.ActiveCfg = Debug|Win32
		{68A18CAB-E686-4F3F-A934-E4EFBF423409}.Debug|x86.Build.0 = Debug|Win32
		{68A18CAB-E686-4F3F-A934-E4EFBF423409}.Release|Any CPU.ActiveCfg = Release|Win32
		{68A18CAB-E686-4F3F-A934-E4EFBF423409}.Release|x64.ActiveCfg = Release|x64
		{68A18CAB-E686-4F3F-A934-E4EFBF423409}.Release|x64.Build.0 = Release|x64
		{68A18CAB-E686-4F3F-A934-E4EFBF423409}.Release|x86.ActiveCfg = Release|Win32
		{68A18CAB-E686-4F3F-A934-E4EFBF423409}.Release|x86.Build.0 = Release|Win32
		{5E2548A1-C280-49E1-A2B6-55F4BA12B3F2}.Debug|Any CPU.ActiveCfg = Debug|Win32
		{5E2548A1-C280-49E1-A2B6-55F4BA12B3F2}.Debug|x64.ActiveCfg = Debug|x64
		{5E2548A1-C280-49E1-A2B6-55F4BA12B3F2}.Debug|x64.Build.0 = Debug|x64
		{5E2548A1-C280-49E1-A2B6-55F4BA12B3F2}.Debug|x86.ActiveCfg = Debug|Win32
		{5E2548A1-C280-49E1-A2B6-55F4BA12B3F2}.Debug|x86.Build.0 = Debug|Win32
		{5E2548A1-C280-49E1-A2B6-55F4BA12B3F2}.Release|Any CPU.ActiveCfg = Release|Win32
		{5E2548A1-C280-49E1-A2B6-55F4BA12B3F2}.Release|x64.ActiveCfg = Release|x64
		{5E2548A1-C280-49E1-A2B6-55F4BA12B3F2}.Release|x64.Build.0 = Release|x64
		{5E2548A1-C280-49E1-A2B6-55F4BA12B3F2}.Release|x86.ActiveCfg = Release|Win32
		{5E2548A1-C280-49E1-A2B6-55F4BA12B3F2}.Release|x86.Build.0 = Release|Win32
		{7CB892E5-A924-4948-AAE6-F4D522C8F36C}.Debug|Any CPU.ActiveCfg = Debug|Win32
		{7CB892E5-A924-4948-AAE6-F4D522C8F36C}.Debug|x64.ActiveCfg = Debug|x64
		{7CB892E5-A924-4948-AAE6-F4D522C8F36C}.Debug|x64.Build.0 = Debug|x64
		{7CB892E5-A924-4948-AAE6-F4D522C8F36C}.Debug|x86.ActiveCfg = Debug|Win32
		{7CB892E5-A924-4948-AAE6-F4D522C8F36C}.Debug|x86.Build.0 = Debug|Win32
		{7CB892E5-A924-4948-AAE6-F4D522C8F36C}.Release|Any CPU.ActiveCfg = Release|Win32
		{7CB892E5-A924-4948-AAE6-F4D522C8F36C}.Release|x64.ActiveCfg = Release|x64
		{7CB892E5-A924-4948-AAE6-F4D522C8F36C}.Release|x64.Build.0 = Release|x64
		{7CB892E5-A924-4948-AAE6-F4D522C8F36C}.Release|x86.ActiveCfg = Release|Win32
		{7CB892E5-A924-4948-AAE6-F4D522C8F36C}.Release|x86.Build.0 = Release|Win32
		{4F9467D7-EA56-467C-9250-0DEC4032F0A4}.Debug|Any CPU.ActiveCfg = Debug|Any CPU
		{4F9467D7-EA56-467C-9250-0DEC4032F0A4}.Debug|Any CPU.Build.0 = Debug|Any CPU
		{4F9467D7-EA56-467C-9250-0DEC4032F0A4}.Debug|x64.ActiveCfg = Debug|Any CPU
		{4F9467D7-EA56-467C-9250-0DEC4032F0A4}.Debug|x64.Build.0 = Debug|Any CPU
		{4F9467D7-EA56-467C-9250-0DEC4032F0A4}.Debug|x86.ActiveCfg = Debug|Any CPU
		{4F9467D7-EA56-467C-9250-0DEC4032F0A4}.Debug|x86.Build.0 = Debug|Any CPU
		{4F9467D7-EA56-467C-9250-0DEC4032F0A4}.Release|Any CPU.ActiveCfg = Release|Any CPU
		{4F9467D7-EA56-467C-9250-0DEC4032F0A4}.Release|Any CPU.Build.0 = Release|Any CPU
		{4F9467D7-EA56-467C-9250-0DEC4032F0A4}.Release|x64.ActiveCfg = Release|Any CPU
		{4F9467D7-EA56-467C-9250-0DEC4032F0A4}.Release|x64.Build.0 = Release|Any CPU
		{4F9467D7-EA56-467C-9250-0DEC4032F0A4}.Release|x86.ActiveCfg = Release|Any CPU
		{4F9467D7-EA56-467C-9250-0DEC4032F0A4}.Release|x86.Build.0 = Release|Any CPU
		{6105617E-3D4C-4914-BA33-E3D053496BA3}.Debug|Any CPU.ActiveCfg = Debug|Win32
		{6105617E-3D4C-4914-BA33-E3D053496BA3}.Debug|x64.ActiveCfg = Debug|x64
		{6105617E-3D4C-4914-BA33-E3D053496BA3}.Debug|x64.Build.0 = Debug|x64
		{6105617E-3D4C-4914-BA33-E3D053496BA3}.Debug|x86.ActiveCfg = Debug|Win32
		{6105617E-3D4C-4914-BA33-E3D053496BA3}.Debug|x86.Build.0 = Debug|Win32
		{6105617E-3D4C-4914-BA33-E3D053496BA3}.Release|Any CPU.ActiveCfg = Release|Win32
		{6105617E-3D4C-4914-BA33-E3D053496BA3}.Release|x64.ActiveCfg = Release|x64
		{6105617E-3D4C-4914-BA33-E3D053496BA3}.Release|x64.Build.0 = Release|x64
		{6105617E-3D4C-4914-BA33-E3D053496BA3}.Release|x86.ActiveCfg = Release|Win32
		{6105617E-3D4C-4914-BA33-E3D053496BA3}.Release|x86.Build.0 = Release|Win32
		{B1DB1846-C0FC-48EF-80E4-DC556E9240FA}.Debug|Any CPU.ActiveCfg = Debug|Win32
		{B1DB1846-C0FC-48EF-80E4-DC556E9240FA}.Debug|x64.ActiveCfg = Debug|x64
		{B1DB1846-C0FC-48EF-80E4-DC556E9240FA}.Debug|x64.Build.0 = Debug|x64
		{B1DB1846-C0FC-48EF-80E4-DC556E9240FA}.Debug|x86.ActiveCfg = Debug|Win32
		{B1DB1846-C0FC-48EF-80E4-DC556E9240FA}.Debug|x86.Build.0 = Debug|Win32
		{B1DB1846-C0FC-48EF-80E4-DC556E9240FA}.Release|Any CPU.ActiveCfg = Release|Win32
		{B1DB1846-C0FC-48EF-80E4-DC556E9240FA}.Release|x64.ActiveCfg = Release|x64
		{B1DB1846-C0FC-48EF-80E4-DC556E9240FA}.Release|x64.Build.0 = Release|x64
		{B1DB1846-C0FC-48EF-80E4-DC556E9240FA}.Release|x86.ActiveCfg = Release|Win32
		{B1DB1846-C0FC-48EF-80E4-DC556E9240FA}.Release|x86.Build.0 = Release|Win32
		{D6E40902-7A6C-4AF9-B69A-68E7B80B722C}.Debug|Any CPU.ActiveCfg = Debug|Win32
		{D6E40902-7A6C-4AF9-B69A-68E7B80B722C}.Debug|x64.ActiveCfg = Debug|x64
		{D6E40902-7A6C-4AF9-B69A-68E7B80B722C}.Debug|x64.Build.0 = Debug|x64
		{D6E40902-7A6C-4AF9-B69A-68E7B80B722C}.Debug|x86.ActiveCfg = Debug|Win32
		{D6E40902-7A6C-4AF9-B69A-68E7B80B722C}.Debug|x86.Build.0 = Debug|Win32
		{D6E40902-7A6C-4AF9-B69A-68E7B80B722C}.Release|Any CPU.ActiveCfg = Release|Win32
		{D6E40902-7A6C-4AF9-B69A-68E7B80B722C}.Release|x64.ActiveCfg = Release|x64
		{D6E40902-7A6C-4AF9-B69A-68E7B80B722C}.Release|x64.Build.0 = Release|x64
		{D6E40902-7A6C-4AF9-B69A-68E7B80B722C}.Release|x86.ActiveCfg = Release|Win32
		{D6E40902-7A6C-4AF9-B69A-68E7B80B722C}.Release|x86.Build.0 = Release|Win32
	EndGlobalSection
	GlobalSection(SolutionProperties) = preSolution
		HideSolutionNode = FALSE
	EndGlobalSection
	GlobalSection(ExtensibilityGlobals) = postSolution
		SolutionGuid = {C09F0317-FD47-4A6E-82D4-8124EB730787}
	EndGlobalSection
EndGlobal
